
Microsoft Visual Studio Solution File, Format Version 12.00
Project("{FAE04EC0-301F-11D3-BF4B-00C04F79EFBC}") = "MindboxTask", "MindboxTask\MindboxTask.csproj", "{84A70BA7-88BD-4AE1-85E8-21E414970C86}"
EndProject
Project("{FAE04EC0-301F-11D3-BF4B-00C04F79EFBC}") = "FiguresTests", "FiguresTests\FiguresTests.csproj", "{DE617443-FA03-4FBB-BA29-A03AD72DACA8}"
EndProject
Global
	GlobalSection(SolutionConfigurationPlatforms) = preSolution
		Debug|Any CPU = Debug|Any CPU
		Release|Any CPU = Release|Any CPU
	EndGlobalSection
	GlobalSection(ProjectConfigurationPlatforms) = postSolution
		{84A70BA7-88BD-4AE1-85E8-21E414970C86}.Debug|Any CPU.ActiveCfg = Debug|Any CPU
		{84A70BA7-88BD-4AE1-85E8-21E414970C86}.Debug|Any CPU.Build.0 = Debug|Any CPU
		{84A70BA7-88BD-4AE1-85E8-21E414970C86}.Release|Any CPU.ActiveCfg = Release|Any CPU
		{84A70BA7-88BD-4AE1-85E8-21E414970C86}.Release|Any CPU.Build.0 = Release|Any CPU
		{DE617443-FA03-4FBB-BA29-A03AD72DACA8}.Debug|Any CPU.ActiveCfg = Debug|Any CPU
		{DE617443-FA03-4FBB-BA29-A03AD72DACA8}.Debug|Any CPU.Build.0 = Debug|Any CPU
		{DE617443-FA03-4FBB-BA29-A03AD72DACA8}.Release|Any CPU.ActiveCfg = Release|Any CPU
		{DE617443-FA03-4FBB-BA29-A03AD72DACA8}.Release|Any CPU.Build.0 = Release|Any CPU
	EndGlobalSection
EndGlobal
